
Microsoft Visual Studio Solution File, Format Version 12.00
# Visual Studio Version 17
VisualStudioVersion = 17.1.32421.90
MinimumVisualStudioVersion = 10.0.40219.1
Project("{FAE04EC0-301F-11D3-BF4B-00C04F79EFBC}") = "ReadContractData", "ReadContractData\ReadContractData.csproj", "{74970C54-AAFE-45D1-A645-1AAFF9685DB3}"
EndProject
Global
	GlobalSection(SolutionConfigurationPlatforms) = preSolution
		Debug|Any CPU = Debug|Any CPU
		Release|Any CPU = Release|Any CPU
	EndGlobalSection
	GlobalSection(ProjectConfigurationPlatforms) = postSolution
		{74970C54-AAFE-45D1-A645-1AAFF9685DB3}.Debug|Any CPU.ActiveCfg = Debug|Any CPU
		{74970C54-AAFE-45D1-A645-1AAFF9685DB3}.Debug|Any CPU.Build.0 = Debug|Any CPU
		{74970C54-AAFE-45D1-A645-1AAFF9685DB3}.Release|Any CPU.ActiveCfg = Release|Any CPU
		{74970C54-AAFE-45D1-A645-1AAFF9685DB3}.Release|Any CPU.Build.0 = Release|Any CPU
	EndGlobalSection
	GlobalSection(SolutionProperties) = preSolution
		HideSolutionNode = FALSE
	EndGlobalSection
	GlobalSection(ExtensibilityGlobals) = postSolution
		SolutionGuid = {933E1832-5C94-4BF2-A047-9F0969284C54}
	EndGlobalSection
EndGlobal
